
Microsoft Visual Studio Solution File, Format Version 12.00
# Visual Studio Version 16
VisualStudioVersion = 16.0.28922.388
MinimumVisualStudioVersion = 10.0.40219.1
Project("{FAE04EC0-301F-11D3-BF4B-00C04F79EFBC}") = "WPFtutorial", "WPFtutorial.csproj", "{14C3282E-C80A-4B79-A8A9-9CE05102F72F}"
EndProject
Global
	GlobalSection(SolutionConfigurationPlatforms) = preSolution
		Debug|Any CPU = Debug|Any CPU
		Release|Any CPU = Release|Any CPU
	EndGlobalSection
	GlobalSection(ProjectConfigurationPlatforms) = postSolution
		{14C3282E-C80A-4B79-A8A9-9CE05102F72F}.Debug|Any CPU.ActiveCfg = Debug|Any CPU
		{14C3282E-C80A-4B79-A8A9-9CE05102F72F}.Debug|Any CPU.Build.0 = Debug|Any CPU
		{14C3282E-C80A-4B79-A8A9-9CE05102F72F}.Release|Any CPU.ActiveCfg = Release|Any CPU
		{14C3282E-C80A-4B79-A8A9-9CE05102F72F}.Release|Any CPU.Build.0 = Release|Any CPU
	EndGlobalSection
	GlobalSection(SolutionProperties) = preSolution
		HideSolutionNode = FALSE
	EndGlobalSection
	GlobalSection(ExtensibilityGlobals) = postSolution
		SolutionGuid = {FFAA7A3F-8736-42C1-BF29-5D3DC4AFE39A}
	EndGlobalSection
EndGlobal
