
Microsoft Visual Studio Solution File, Format Version 12.00
# Visual Studio Version 16
VisualStudioVersion = 16.0.28922.388
MinimumVisualStudioVersion = 10.0.40219.1
Project("{FAE04EC0-301F-11D3-BF4B-00C04F79EFBC}") = "LambdaTutorial", "LambdaTutorial.csproj", "{2F320208-055A-4EF0-8CFE-5D1FD5C72BB7}"
EndProject
Global
	GlobalSection(SolutionConfigurationPlatforms) = preSolution
		Debug|Any CPU = Debug|Any CPU
		Release|Any CPU = Release|Any CPU
	EndGlobalSection
	GlobalSection(ProjectConfigurationPlatforms) = postSolution
		{2F320208-055A-4EF0-8CFE-5D1FD5C72BB7}.Debug|Any CPU.ActiveCfg = Debug|Any CPU
		{2F320208-055A-4EF0-8CFE-5D1FD5C72BB7}.Debug|Any CPU.Build.0 = Debug|Any CPU
		{2F320208-055A-4EF0-8CFE-5D1FD5C72BB7}.Release|Any CPU.ActiveCfg = Release|Any CPU
		{2F320208-055A-4EF0-8CFE-5D1FD5C72BB7}.Release|Any CPU.Build.0 = Release|Any CPU
	EndGlobalSection
	GlobalSection(SolutionProperties) = preSolution
		HideSolutionNode = FALSE
	EndGlobalSection
	GlobalSection(ExtensibilityGlobals) = postSolution
		SolutionGuid = {64D23E37-83BB-4923-A271-FEBFC13B3BD4}
	EndGlobalSection
EndGlobal
