
Microsoft Visual Studio Solution File, Format Version 12.00
# Visual Studio Version 16
VisualStudioVersion = 16.0.29123.88
MinimumVisualStudioVersion = 10.0.40219.1
Project("{FAE04EC0-301F-11D3-BF4B-00C04F79EFBC}") = "WPFtutorial2", "WPFtutorial2.csproj", "{1823E4B8-166D-49A8-9D88-3A399A1756DF}"
EndProject
Global
	GlobalSection(SolutionConfigurationPlatforms) = preSolution
		Debug|Any CPU = Debug|Any CPU
		Release|Any CPU = Release|Any CPU
	EndGlobalSection
	GlobalSection(ProjectConfigurationPlatforms) = postSolution
		{1823E4B8-166D-49A8-9D88-3A399A1756DF}.Debug|Any CPU.ActiveCfg = Debug|Any CPU
		{1823E4B8-166D-49A8-9D88-3A399A1756DF}.Debug|Any CPU.Build.0 = Debug|Any CPU
		{1823E4B8-166D-49A8-9D88-3A399A1756DF}.Release|Any CPU.ActiveCfg = Release|Any CPU
		{1823E4B8-166D-49A8-9D88-3A399A1756DF}.Release|Any CPU.Build.0 = Release|Any CPU
	EndGlobalSection
	GlobalSection(SolutionProperties) = preSolution
		HideSolutionNode = FALSE
	EndGlobalSection
	GlobalSection(ExtensibilityGlobals) = postSolution
		SolutionGuid = {595F4960-E7FA-4A57-8BF5-FD3A1C152746}
	EndGlobalSection
EndGlobal
