
Microsoft Visual Studio Solution File, Format Version 12.00
# Visual Studio Version 16
VisualStudioVersion = 16.0.29123.88
MinimumVisualStudioVersion = 10.0.40219.1
Project("{FAE04EC0-301F-11D3-BF4B-00C04F79EFBC}") = "ThreadJoin2", "ThreadJoin2.csproj", "{36DFD2C9-6974-40B3-82FB-97DF01F23DFE}"
EndProject
Global
	GlobalSection(SolutionConfigurationPlatforms) = preSolution
		Debug|Any CPU = Debug|Any CPU
		Release|Any CPU = Release|Any CPU
	EndGlobalSection
	GlobalSection(ProjectConfigurationPlatforms) = postSolution
		{36DFD2C9-6974-40B3-82FB-97DF01F23DFE}.Debug|Any CPU.ActiveCfg = Debug|Any CPU
		{36DFD2C9-6974-40B3-82FB-97DF01F23DFE}.Debug|Any CPU.Build.0 = Debug|Any CPU
		{36DFD2C9-6974-40B3-82FB-97DF01F23DFE}.Release|Any CPU.ActiveCfg = Release|Any CPU
		{36DFD2C9-6974-40B3-82FB-97DF01F23DFE}.Release|Any CPU.Build.0 = Release|Any CPU
	EndGlobalSection
	GlobalSection(SolutionProperties) = preSolution
		HideSolutionNode = FALSE
	EndGlobalSection
	GlobalSection(ExtensibilityGlobals) = postSolution
		SolutionGuid = {86BC15FC-1267-48BF-843F-66E991F21838}
	EndGlobalSection
EndGlobal
